PODS:
  - Alamofire (4.9.1)
  - CryptoSwift (1.0.0)
  - HandyJSON (5.0.2)
  - KakaJSON (1.1.2)
  - Kingfisher (4.10.1)
  - KingfisherWebP (0.4.2):
    - Kingfisher (~> 4.0)
    - libwebp (>= 0.5.0)
  - libwebp (1.2.1):
    - libwebp/demux (= 1.2.1)
    - libwebp/mux (= 1.2.1)
    - libwebp/webp (= 1.2.1)
  - libwebp/demux (1.2.1):
    - libwebp/webp
  - libwebp/mux (1.2.1):
    - libwebp/demux
  - libwebp/webp (1.2.1)
  - MBProgressHUD (1.2.0)
  - MJRefresh (3.7.5)
  - Moya/Core (14.0.0-alpha.1):
    - Alamofire (~> 4.1)
    - Result (~> 4.1)
  - Moya/RxSwift (14.0.0-alpha.1):
    - Moya/Core
    - RxSwift (~> 5.0)
  - Result (4.1.0)
  - RxCocoa (5.1.1):
    - RxRelay (~> 5)
    - RxSwift (~> 5)
  - RxRelay (5.1.1):
    - RxSwift (~> 5)
  - RxSwift (5.1.1)
  - SwiftyJSON (5.0.1)

DEPENDENCIES:
  - Alamofire
  - CryptoSwift (= 1.0.0)
  - HandyJSON
  - KakaJSON
  - Kingfisher
  - KingfisherWebP
  - MBProgressHUD
  - MJRefresh
  - Moya/RxSwift (= 14.0.0-alpha.1)
  - RxCocoa
  - SwiftyJSON

SPEC REPOS:
  https://github.com/CocoaPods/Specs.git:
    - CryptoSwift
    - HandyJSON
    - MBProgressHUD
    - RxCocoa
    - RxRelay
    - RxSwift
  trunk:
    - Alamofire
    - KakaJSON
    - Kingfisher
    - KingfisherWebP
    - libwebp
    - MJRefresh
    - Moya
    - Result
    - SwiftyJSON

SPEC CHECKSUMS:
  Alamofire: 85e8a02c69d6020a0d734f6054870d7ecb75cf18
  CryptoSwift: d81eeaa59dc5a8d03720fe919a6fd07b51f7439f
  HandyJSON: 9e4e236f5d2dbefad5155a77417bbea438201c03
  KakaJSON: cc5ff50a8c1cfbb09413db8496cb709a209e6137
  Kingfisher: c148cd7b47ebde9989f6bc7c27dcaa79d81279a0
  KingfisherWebP: 53632f3da248ccabd4999d775903d6ae0aaa7768
  libwebp: 98a37e597e40bfdb4c911fc98f2c53d0b12d05fc
  MBProgressHUD: 3ee5efcc380f6a79a7cc9b363dd669c5e1ae7406
  MJRefresh: fdf5e979eb406a0341468932d1dfc8b7f9fce961
  Moya: 65485239114b3b327a17dc2e839f6c8b7143aae9
  Result: bd966fac789cc6c1563440b348ab2598cc24d5c7
  RxCocoa: 32065309a38d29b5b0db858819b5bf9ef038b601
  RxRelay: d77f7d771495f43c556cbc43eebd1bb54d01e8e9
  RxSwift: 81470a2074fa8780320ea5fe4102807cb7118178
  SwiftyJSON: 2f33a42c6fbc52764d96f13368585094bfd8aa5e

PODFILE CHECKSUM: fae70a42acff2ac68e5eacdaa24087d22e502bd7

COCOAPODS: 1.8.3
